# This file is automatically @generated by Cargo.
# It is not intended for manual editing.
version = 3

[[package]]
name = "libc"
version = "0.2.139"
source = "registry+https://github.com/rust-lang/crates.io-index"
checksum = "201de327520df007757c1f0adce6e827fe8562fbc28bfd9c15571c66ca1f5f79"

[[package]]
name = "wasiter"
version = "0.1.0"
dependencies = [
 "wasmedge_wasi_socket",
]

[[package]]
name = "wasmedge_wasi_socket"
version = "0.4.3"
source = "registry+https://github.com/rust-lang/crates.io-index"
checksum = "ced1141c1b396ada9db93d9cebca51d600e24825454661157a7429d77421269f"
dependencies = [
 "libc",
]
